# THIS IS AN AUTOGENERATED FILE. DO NOT EDIT THIS FILE DIRECTLY.
# yarn lockfile v1


"@esbuild/darwin-arm64@0.19.11":
  version "0.19.11"
  resolved "https://registry.npmjs.org/@esbuild/darwin-arm64/-/darwin-arm64-0.19.11.tgz"
  integrity sha512-ETp87DRWuSt9KdDVkqSoKoLFHYTrkyz2+65fj9nfXsaV3bMhTCjtQfw3y+um88vGRKRiF7erPrh/ZuIdLUIVxQ==

"@juggle/resize-observer@^3.3.1":
  version "3.4.0"
  resolved "https://registry.npmjs.org/@juggle/resize-observer/-/resize-observer-3.4.0.tgz"
  integrity sha512-dfLbk+PwWvFzSxwk3n5ySL0hfBog779o8h68wK/7/APo/7cgyWp5jcXockbxdk5kFRkbeXWm4Fbi9FrdN381sA==

"@kurkle/color@^0.3.0":
  version "0.3.2"
  resolved "https://registry.npmjs.org/@kurkle/color/-/color-0.3.2.tgz"
  integrity sha512-fuscdXJ9G1qb7W8VdHi+IwRqij3lBkosAm4ydQtEmbY58OzHXqQhvlxqEkoz0yssNVn38bcpRWgA9PP+OGoisw==

"@popperjs/core@^2.11.7", "@popperjs/core@2.11.8":
  version "2.11.8"
  resolved "https://registry.npmjs.org/@popperjs/core/-/core-2.11.8.tgz"
  integrity sha512-P1st0aksCrn9sGZhp8GMYwBnQsbvAWsZAX44oXNNvLHGqAOcoVxmjZiohstwQ7SqKnbR47akdNi+uleWD8+g6A==

"@rollup/rollup-darwin-arm64@4.9.4":
  version "4.9.4"
  resolved "https://registry.npmjs.org/@rollup/rollup-darwin-arm64/-/rollup-darwin-arm64-4.9.4.tgz"
  integrity sha512-1fzh1lWExwSTWy8vJPnNbNM02WZDS8AW3McEOb7wW+nPChLKf3WG2aG7fhaUmfX5FKw9zhsF5+MBwArGyNM7NA==

"@types/estree@1.0.5":
  version "1.0.5"
  resolved "https://registry.npmjs.org/@types/estree/-/estree-1.0.5.tgz"
  integrity sha512-/kYRxGDLWzHOB7q+wtSUQlFrtcdUccpfy+X+9iMBpHK8QLLhx2wIPYuS5DYtR9Wa/YlZAbIovy7qVdB1Aq6Lyw==

bootstrap@5.3.0:
  version "5.3.0"
  resolved "https://registry.npmjs.org/bootstrap/-/bootstrap-5.3.0.tgz"
  integrity sha512-UnBV3E3v4STVNQdms6jSGO2CvOkjUMdDAVR2V5N4uCMdaIkaQjbcEAMqRimDHIs4uqBYzDAKCQwCB+97tJgHQw==

can-use-dom@^0.1.0:
  version "0.1.0"
  resolved "https://registry.npmjs.org/can-use-dom/-/can-use-dom-0.1.0.tgz"
  integrity sha512-ceOhN1DL7Y4O6M0j9ICgmTYziV89WMd96SvSl0REd8PMgrY0B/WBOPoed5S1KUmJqXgUXh8gzSe6E3ae27upsQ==

chart.js@^4.4.1:
  version "4.4.1"
  resolved "https://registry.npmjs.org/chart.js/-/chart.js-4.4.1.tgz"
  integrity sha512-C74QN1bxwV1v2PEujhmKjOZ7iUM4w6BWs23Md/6aOZZSlwMzeCIDGuZay++rBgChYru7/+QFeoQW0fQoP534Dg==
  dependencies:
    "@kurkle/color" "^0.3.0"

classnames@^2.2.5:
  version "2.5.1"
  resolved "https://registry.npmjs.org/classnames/-/classnames-2.5.1.tgz"
  integrity sha512-saHYOzhIQs6wy2sVxTM6bUDsQO4F50V9RQ22qBpEdCW+I+/Wmke2HOl6lS6dTpdxVhb88/I6+Hs+438c3lfUow==

core-js@^3.0.1, core-js@^3.1.3:
  version "3.35.0"
  resolved "https://registry.npmjs.org/core-js/-/core-js-3.35.0.tgz"
  integrity sha512-ntakECeqg81KqMueeGJ79Q5ZgQNR+6eaE8sxGCx62zMbAIj65q+uYvatToew3m6eAGdU4gNZwpZ34NMe4GYswg==

esbuild@^0.19.3:
  version "0.19.11"
  resolved "https://registry.npmjs.org/esbuild/-/esbuild-0.19.11.tgz"
  integrity sha512-HJ96Hev2hX/6i5cDVwcqiJBBtuo9+FeIJOtZ9W1kA5M6AMJRHUZlpYZ1/SbEwtO0ioNAW8rUooVpC/WehY2SfA==
  optionalDependencies:
    "@esbuild/aix-ppc64" "0.19.11"
    "@esbuild/android-arm" "0.19.11"
    "@esbuild/android-arm64" "0.19.11"
    "@esbuild/android-x64" "0.19.11"
    "@esbuild/darwin-arm64" "0.19.11"
    "@esbuild/darwin-x64" "0.19.11"
    "@esbuild/freebsd-arm64" "0.19.11"
    "@esbuild/freebsd-x64" "0.19.11"
    "@esbuild/linux-arm" "0.19.11"
    "@esbuild/linux-arm64" "0.19.11"
    "@esbuild/linux-ia32" "0.19.11"
    "@esbuild/linux-loong64" "0.19.11"
    "@esbuild/linux-mips64el" "0.19.11"
    "@esbuild/linux-ppc64" "0.19.11"
    "@esbuild/linux-riscv64" "0.19.11"
    "@esbuild/linux-s390x" "0.19.11"
    "@esbuild/linux-x64" "0.19.11"
    "@esbuild/netbsd-x64" "0.19.11"
    "@esbuild/openbsd-x64" "0.19.11"
    "@esbuild/sunos-x64" "0.19.11"
    "@esbuild/win32-arm64" "0.19.11"
    "@esbuild/win32-ia32" "0.19.11"
    "@esbuild/win32-x64" "0.19.11"

feather-icons@4.29.0:
  version "4.29.0"
  resolved "https://registry.npmjs.org/feather-icons/-/feather-icons-4.29.0.tgz"
  integrity sha512-Y7VqN9FYb8KdaSF0qD1081HCkm0v4Eq/fpfQYQnubpqi0hXx14k+gF9iqtRys1SIcTEi97xDi/fmsPFZ8xo0GQ==
  dependencies:
    classnames "^2.2.5"
    core-js "^3.1.3"

flatpickr@4.6.13:
  version "4.6.13"
  resolved "https://registry.npmjs.org/flatpickr/-/flatpickr-4.6.13.tgz"
  integrity sha512-97PMG/aywoYpB4IvbvUJi0RQi8vearvU0oov1WW3k0WZPBMrTQVqekSX5CjSG/M4Q3i6A/0FKXC7RyAoAUUSPw==

fsevents@~2.3.2, fsevents@~2.3.3:
  version "2.3.3"
  resolved "https://registry.npmjs.org/fsevents/-/fsevents-2.3.3.tgz"
  integrity sha512-5xoDfX+fL7faATnagmWPpbFtwh/R77WmMMqqHGS65C3vvB0YHrgF+B1YmZ3441tMj5n63k0212XNoJwzlhffQw==

jsvectormap@1.5.3:
  version "1.5.3"
  resolved "https://registry.npmjs.org/jsvectormap/-/jsvectormap-1.5.3.tgz"
  integrity sha512-HStTEhZEVr8t3t6juApO603nr1y54K/wjcdOvgGtvpE1etZ9Isg/sLdqh7OX4+RJ8srdP7WiBoTV/93aMqhLhw==

lodash.debounce@^4.0.8:
  version "4.0.8"
  resolved "https://registry.npmjs.org/lodash.debounce/-/lodash.debounce-4.0.8.tgz"
  integrity sha512-FT1yDzDYEoYWhnSGnpE/4Kj1fLZkDFyqRb7fNt6FdYOSxlUWAtp42Eh6Wb0rGIv/m9Bgo7x4GhQbm5Ys4SG5ow==

lodash.memoize@^4.1.2:
  version "4.1.2"
  resolved "https://registry.npmjs.org/lodash.memoize/-/lodash.memoize-4.1.2.tgz"
  integrity sha512-t7j+NzmgnQzTAYXcsHYLgimltOV1MXHtlOWf6GjL9Kj8GK5FInw5JotxvbOs+IvV1/Dzo04/fCGfLVs7aXb4Ag==

lodash.throttle@^4.1.1:
  version "4.1.1"
  resolved "https://registry.npmjs.org/lodash.throttle/-/lodash.throttle-4.1.1.tgz"
  integrity sha512-wIkUCfVKpVsWo3JSZlc+8MB5it+2AN5W8J7YVMST30UrvcQNZ1Okbj+rbVniijTWE6FGYy4XJq/rHkas8qJMLQ==

nanoid@^3.3.7:
  version "3.3.7"
  resolved "https://registry.npmjs.org/nanoid/-/nanoid-3.3.7.tgz"
  integrity sha512-eSRppjcPIatRIMC1U6UngP8XFcz8MQWGQdt1MTBQ7NaAmvXDfvNxbvWV3x2y6CdEUciCSsDHDQZbhYaB8QEo2g==

picocolors@^1.0.0:
  version "1.0.0"
  resolved "https://registry.npmjs.org/picocolors/-/picocolors-1.0.0.tgz"
  integrity sha512-1fygroTLlHu66zi26VoTDv8yRgm0Fccecssto+MhsZ0D/DGW2sm8E8AjW7NU5VVTRt5GxbeZ5qBuJr+HyLYkjQ==

postcss@^8.4.32:
  version "8.4.33"
  resolved "https://registry.npmjs.org/postcss/-/postcss-8.4.33.tgz"
  integrity sha512-Kkpbhhdjw2qQs2O2DGX+8m5OVqEcbB9HRBvuYM9pgrjEFUg30A9LmXNlTAUj4S9kgtGyrMbTzVjH7E+s5Re2yg==
  dependencies:
    nanoid "^3.3.7"
    picocolors "^1.0.0"
    source-map-js "^1.0.2"

rollup@^4.2.0:
  version "4.9.4"
  resolved "https://registry.npmjs.org/rollup/-/rollup-4.9.4.tgz"
  integrity sha512-2ztU7pY/lrQyXSCnnoU4ICjT/tCG9cdH3/G25ERqE3Lst6vl2BCM5hL2Nw+sslAvAf+ccKsAq1SkKQALyqhR7g==
  dependencies:
    "@types/estree" "1.0.5"
  optionalDependencies:
    "@rollup/rollup-android-arm-eabi" "4.9.4"
    "@rollup/rollup-android-arm64" "4.9.4"
    "@rollup/rollup-darwin-arm64" "4.9.4"
    "@rollup/rollup-darwin-x64" "4.9.4"
    "@rollup/rollup-linux-arm-gnueabihf" "4.9.4"
    "@rollup/rollup-linux-arm64-gnu" "4.9.4"
    "@rollup/rollup-linux-arm64-musl" "4.9.4"
    "@rollup/rollup-linux-riscv64-gnu" "4.9.4"
    "@rollup/rollup-linux-x64-gnu" "4.9.4"
    "@rollup/rollup-linux-x64-musl" "4.9.4"
    "@rollup/rollup-win32-arm64-msvc" "4.9.4"
    "@rollup/rollup-win32-ia32-msvc" "4.9.4"
    "@rollup/rollup-win32-x64-msvc" "4.9.4"
    fsevents "~2.3.2"

simplebar@5.3.9:
  version "5.3.9"
  resolved "https://registry.npmjs.org/simplebar/-/simplebar-5.3.9.tgz"
  integrity sha512-1vIIpjDvY9sVH14e0LGeiCiTFU3ILqAghzO6OI9axeG+mvU/vMSrvXeAXkBolqFFz3XYaY8n5ahH9MeP3sp2Ag==
  dependencies:
    "@juggle/resize-observer" "^3.3.1"
    can-use-dom "^0.1.0"
    core-js "^3.0.1"
    lodash.debounce "^4.0.8"
    lodash.memoize "^4.1.2"
    lodash.throttle "^4.1.1"

source-map-js@^1.0.2:
  version "1.0.2"
  resolved "https://registry.npmjs.org/source-map-js/-/source-map-js-1.0.2.tgz"
  integrity sha512-R0XvVJ9WusLiqTCEiGCmICCMplcCkIwwR11mOSD9CR5u+IXYdiseeEuXCVAjS54zqwkLcPNnmU4OeJ6tUrWhDw==

vite@^5.0.8:
  version "5.0.11"
  resolved "https://registry.npmjs.org/vite/-/vite-5.0.11.tgz"
  integrity sha512-XBMnDjZcNAw/G1gEiskiM1v6yzM4GE5aMGvhWTlHAYYhxb7S3/V1s3m2LDHa8Vh6yIWYYB0iJwsEaS523c4oYA==
  dependencies:
    esbuild "^0.19.3"
    postcss "^8.4.32"
    rollup "^4.2.0"
  optionalDependencies:
    fsevents "~2.3.3"
